// !$*UTF8*$!
{
	archiveVersion = 1;
	classes = {
	};
	objectVersion = 46;
	objects = {

/* Begin PBXBuildFile section */
		5F19FD3819592A9300143FCE /* MJRefresh.bundle in Resources */ = {isa = PBXBuildFile; fileRef = 5F19FD2819592A9300143FCE /* MJRefresh.bundle */; };
		5F19FD3919592A9300143FCE /* MJRefreshBaseView.m in Sources */ = {isa = PBXBuildFile; fileRef = 5F19FD2B19592A9300143FCE /* MJRefreshBaseView.m */; };
		5F19FD3A19592A9300143FCE /* MJRefreshConst.m in Sources */ = {isa = PBXBuildFile; fileRef = 5F19FD2D19592A9300143FCE /* MJRefreshConst.m */; };
		5F19FD3B19592A9300143FCE /* MJRefreshFooterView.m in Sources */ = {isa = PBXBuildFile; fileRef = 5F19FD2F19592A9300143FCE /* MJRefreshFooterView.m */; };
		5F19FD3C19592A9300143FCE /* MJRefreshHeaderView.m in Sources */ = {isa = PBXBuildFile; fileRef = 5F19FD3119592A9300143FCE /* MJRefreshHeaderView.m */; };
		5F19FD3D19592A9300143FCE /* UIScrollView+Extension.m in Sources */ = {isa = PBXBuildFile; fileRef = 5F19FD3319592A9300143FCE /* UIScrollView+Extension.m */; };
		5F19FD3E19592A9300143FCE /* UIScrollView+MJRefresh.m in Sources */ = {isa = PBXBuildFile; fileRef = 5F19FD3519592A9300143FCE /* UIScrollView+MJRefresh.m */; };
		5F19FD3F19592A9300143FCE /* UIView+Extension.m in Sources */ = {isa = PBXBuildFile; fileRef = 5F19FD3719592A9300143FCE /* UIView+Extension.m */; };
		5F19FD431959482000143FCE /* Http.m in Sources */ = {isa = PBXBuildFile; fileRef = 5F19FD421959482000143FCE /* Http.m */; };
		5F19FD5E19594D1100143FCE /* NSData+MKBase64.m in Sources */ = {isa = PBXBuildFile; fileRef = 5F19FD4A19594D1100143FCE /* NSData+MKBase64.m */; };
		5F19FD5F19594D1100143FCE /* NSDate+RFC1123.m in Sources */ = {isa = PBXBuildFile; fileRef = 5F19FD4C19594D1100143FCE /* NSDate+RFC1123.m */; };
		5F19FD6019594D1100143FCE /* NSDictionary+RequestEncoding.m in Sources */ = {isa = PBXBuildFile; fileRef = 5F19FD4E19594D1100143FCE /* NSDictionary+RequestEncoding.m */; };
		5F19FD6119594D1100143FCE /* NSString+MKNetworkKitAdditions.m in Sources */ = {isa = PBXBuildFile; fileRef = 5F19FD5019594D1100143FCE /* NSString+MKNetworkKitAdditions.m */; };
		5F19FD6219594D1100143FCE /* UIAlertView+MKNetworkKitAdditions.m in Sources */ = {isa = PBXBuildFile; fileRef = 5F19FD5219594D1100143FCE /* UIAlertView+MKNetworkKitAdditions.m */; };
		5F19FD6319594D1100143FCE /* UIImageView+MKNetworkKitAdditions.m in Sources */ = {isa = PBXBuildFile; fileRef = 5F19FD5419594D1100143FCE /* UIImageView+MKNetworkKitAdditions.m */; };
		5F19FD6419594D1100143FCE /* MKNetworkEngine.m in Sources */ = {isa = PBXBuildFile; fileRef = 5F19FD5619594D1100143FCE /* MKNetworkEngine.m */; };
		5F19FD6519594D1100143FCE /* MKNetworkOperation.m in Sources */ = {isa = PBXBuildFile; fileRef = 5F19FD5919594D1100143FCE /* MKNetworkOperation.m */; };
		5F19FD6619594D1100143FCE /* Reachability.m in Sources */ = {isa = PBXBuildFile; fileRef = 5F19FD5C19594D1100143FCE /* Reachability.m */; };
		5F19FD6819594D2800143FCE /* CFNetwork.framework in Frameworks */ = {isa = PBXBuildFile; fileRef = 5F19FD6719594D2800143FCE /* CFNetwork.framework */; };
		5F19FD6A19594D3500143FCE /* SystemConfiguration.framework in Frameworks */ = {isa = PBXBuildFile; fileRef = 5F19FD6919594D3500143FCE /* SystemConfiguration.framework */; };
		5F19FD6C19594D5000143FCE /* Security.framework in Frameworks */ = {isa = PBXBuildFile; fileRef = 5F19FD6B19594D5000143FCE /* Security.framework */; };
		5F221ABD19512CE4009F96DE /* Foundation.framework in Frameworks */ = {isa = PBXBuildFile; fileRef = 5F221ABC19512CE4009F96DE /* Foundation.framework */; };
		5F221ABF19512CE4009F96DE /* CoreGraphics.framework in Frameworks */ = {isa = PBXBuildFile; fileRef = 5F221ABE19512CE4009F96DE /* CoreGraphics.framework */; };
		5F221AC119512CE4009F96DE /* UIKit.framework in Frameworks */ = {isa = PBXBuildFile; fileRef = 5F221AC019512CE4009F96DE /* UIKit.framework */; };
		5F221AC719512CE4009F96DE /* InfoPlist.strings in Resources */ = {isa = PBXBuildFile; fileRef = 5F221AC519512CE4009F96DE /* InfoPlist.strings */; };
		5F221AC919512CE4009F96DE /* main.m in Sources */ = {isa = PBXBuildFile; fileRef = 5F221AC819512CE4009F96DE /* main.m */; };
		5F221ACD19512CE4009F96DE /* AppDelegate.m in Sources */ = {isa = PBXBuildFile; fileRef = 5F221ACC19512CE4009F96DE /* AppDelegate.m */; };
		5F221AD019512CE4009F96DE /* Main.storyboard in Resources */ = {isa = PBXBuildFile; fileRef = 5F221ACE19512CE4009F96DE /* Main.storyboard */; };
		5F221AD319512CE4009F96DE /* ViewController.m in Sources */ = {isa = PBXBuildFile; fileRef = 5F221AD219512CE4009F96DE /* ViewController.m */; };
		5F221AD519512CE4009F96DE /* Images.xcassets in Resources */ = {isa = PBXBuildFile; fileRef = 5F221AD419512CE4009F96DE /* Images.xcassets */; };
		5F221ADC19512CE5009F96DE /* XCTest.framework in Frameworks */ = {isa = PBXBuildFile; fileRef = 5F221ADB19512CE5009F96DE /* XCTest.framework */; };
		5F221ADD19512CE5009F96DE /* Foundation.framework in Frameworks */ = {isa = PBXBuildFile; fileRef = 5F221ABC19512CE4009F96DE /* Foundation.framework */; };
		5F221ADE19512CE5009F96DE /* UIKit.framework in Frameworks */ = {isa = PBXBuildFile; fileRef = 5F221AC019512CE4009F96DE /* UIKit.framework */; };
		5F221AE619512CE5009F96DE /* InfoPlist.strings in Resources */ = {isa = PBXBuildFile; fileRef = 5F221AE419512CE5009F96DE /* InfoPlist.strings */; };
		5F221AE819512CE5009F96DE /* weixinastTests.m in Sources */ = {isa = PBXBuildFile; fileRef = 5F221AE719512CE5009F96DE /* weixinastTests.m */; };
		5FBF26831957F97000A587D6 /* AlbumViewController.m in Sources */ = {isa = PBXBuildFile; fileRef = 5FBF26821957F97000A587D6 /* AlbumViewController.m */; };
		5FD0A1121951694100D08304 /* RegController.m in Sources */ = {isa = PBXBuildFile; fileRef = 5FD0A1111951694100D08304 /* RegController.m */; };
		5FDCEEB21953D07800057CB5 /* HomeViewController.m in Sources */ = {isa = PBXBuildFile; fileRef = 5FDCEEB11953D07800057CB5 /* HomeViewController.m */; };
		5FDCEEB61953D4BF00057CB5 /* ButtonHomeNav.m in Sources */ = {isa = PBXBuildFile; fileRef = 5FDCEEB51953D4BF00057CB5 /* ButtonHomeNav.m */; };
		5FDCEEBA1953E5BB00057CB5 /* Common.m in Sources */ = {isa = PBXBuildFile; fileRef = 5FDCEEB91953E5BB00057CB5 /* Common.m */; };
/* End PBXBuildFile section */

/* Begin PBXContainerItemProxy section */
		5F221ADF19512CE5009F96DE /* PBXContainerItemProxy */ = {
			isa = PBXContainerItemProxy;
			containerPortal = 5F221AB119512CE4009F96DE /* Project object */;
			proxyType = 1;
			remoteGlobalIDString = 5F221AB819512CE4009F96DE;
			remoteInfo = weixinast;
		};
/* End PBXContainerItemProxy section */

/* Begin PBXFileReference section */
		5F19FD2819592A9300143FCE /* MJRefresh.bundle */ = {isa = PBXFileReference; lastKnownFileType = "wrapper.plug-in"; path = MJRefresh.bundle; sourceTree = "<group>"; };
		5F19FD2919592A9300143FCE /* MJRefresh.h */ = {isa = PBXFileReference; fileEncoding = 4; lastKnownFileType = sourcecode.c.h; path = MJRefresh.h; sourceTree = "<group>"; };
		5F19FD2A19592A9300143FCE /* MJRefreshBaseView.h */ = {isa = PBXFileReference; fileEncoding = 4; lastKnownFileType = sourcecode.c.h; path = MJRefreshBaseView.h; sourceTree = "<group>"; };
		5F19FD2B19592A9300143FCE /* MJRefreshBaseView.m */ = {isa = PBXFileReference; fileEncoding = 4; lastKnownFileType = sourcecode.c.objc; path = MJRefreshBaseView.m; sourceTree = "<group>"; };
		5F19FD2C19592A9300143FCE /* MJRefreshConst.h */ = {isa = PBXFileReference; fileEncoding = 4; lastKnownFileType = sourcecode.c.h; path = MJRefreshConst.h; sourceTree = "<group>"; };
		5F19FD2D19592A9300143FCE /* MJRefreshConst.m */ = {isa = PBXFileReference; fileEncoding = 4; lastKnownFileType = sourcecode.c.objc; path = MJRefreshConst.m; sourceTree = "<group>"; };
		5F19FD2E19592A9300143FCE /* MJRefreshFooterView.h */ = {isa = PBXFileReference; fileEncoding = 4; lastKnownFileType = sourcecode.c.h; path = MJRefreshFooterView.h; sourceTree = "<group>"; };
		5F19FD2F19592A9300143FCE /* MJRefreshFooterView.m */ = {isa = PBXFileReference; fileEncoding = 4; lastKnownFileType = sourcecode.c.objc; path = MJRefreshFooterView.m; sourceTree = "<group>"; };
		5F19FD3019592A9300143FCE /* MJRefreshHeaderView.h */ = {isa = PBXFileReference; fileEncoding = 4; lastKnownFileType = sourcecode.c.h; path = MJRefreshHeaderView.h; sourceTree = "<group>"; };
		5F19FD3119592A9300143FCE /* MJRefreshHeaderView.m */ = {isa = PBXFileReference; fileEncoding = 4; lastKnownFileType = sourcecode.c.objc; path = MJRefreshHeaderView.m; sourceTree = "<group>"; };
		5F19FD3219592A9300143FCE /* UIScrollView+Extension.h */ = {isa = PBXFileReference; fileEncoding = 4; lastKnownFileType = sourcecode.c.h; path = "UIScrollView+Extension.h"; sourceTree = "<group>"; };
		5F19FD3319592A9300143FCE /* UIScrollView+Extension.m */ = {isa = PBXFileReference; fileEncoding = 4; lastKnownFileType = sourcecode.c.objc; path = "UIScrollView+Extension.m"; sourceTree = "<group>"; };
		5F19FD3419592A9300143FCE /* UIScrollView+MJRefresh.h */ = {isa = PBXFileReference; fileEncoding = 4; lastKnownFileType = sourcecode.c.h; path = "UIScrollView+MJRefresh.h"; sourceTree = "<group>"; };
		5F19FD3519592A9300143FCE /* UIScrollView+MJRefresh.m */ = {isa = PBXFileReference; fileEncoding = 4; lastKnownFileType = sourcecode.c.objc; path = "UIScrollView+MJRefresh.m"; sourceTree = "<group>"; };
		5F19FD3619592A9300143FCE /* UIView+Extension.h */ = {isa = PBXFileReference; fileEncoding = 4; lastKnownFileType = sourcecode.c.h; path = "UIView+Extension.h"; sourceTree = "<group>"; };
		5F19FD3719592A9300143FCE /* UIView+Extension.m */ = {isa = PBXFileReference; fileEncoding = 4; lastKnownFileType = sourcecode.c.objc; path = "UIView+Extension.m"; sourceTree = "<group>"; };
		5F19FD411959482000143FCE /* Http.h */ = {isa = PBXFileReference; fileEncoding = 4; lastKnownFileType = sourcecode.c.h; name = Http.h; path = lib/Http/Http.h; sourceTree = "<group>"; };
		5F19FD421959482000143FCE /* Http.m */ = {isa = PBXFileReference; fileEncoding = 4; lastKnownFileType = sourcecode.c.objc; name = Http.m; path = lib/Http/Http.m; sourceTree = "<group>"; };
		5F19FD4919594D1100143FCE /* NSData+MKBase64.h */ = {isa = PBXFileReference; fileEncoding = 4; lastKnownFileType = sourcecode.c.h; path = "NSData+MKBase64.h"; sourceTree = "<group>"; };
		5F19FD4A19594D1100143FCE /* NSData+MKBase64.m */ = {isa = PBXFileReference; fileEncoding = 4; lastKnownFileType = sourcecode.c.objc; path = "NSData+MKBase64.m"; sourceTree = "<group>"; };
		5F19FD4B19594D1100143FCE /* NSDate+RFC1123.h */ = {isa = PBXFileReference; fileEncoding = 4; lastKnownFileType = sourcecode.c.h; path = "NSDate+RFC1123.h"; sourceTree = "<group>"; };
		5F19FD4C19594D1100143FCE /* NSDate+RFC1123.m */ = {isa = PBXFileReference; fileEncoding = 4; lastKnownFileType = sourcecode.c.objc; path = "NSDate+RFC1123.m"; sourceTree = "<group>"; };
		5F19FD4D19594D1100143FCE /* NSDictionary+RequestEncoding.h */ = {isa = PBXFileReference; fileEncoding = 4; lastKnownFileType = sourcecode.c.h; path = "NSDictionary+RequestEncoding.h"; sourceTree = "<group>"; };
		5F19FD4E19594D1100143FCE /* NSDictionary+RequestEncoding.m */ = {isa = PBXFileReference; fileEncoding = 4; lastKnownFileType = sourcecode.c.objc; path = "NSDictionary+RequestEncoding.m"; sourceTree = "<group>"; };
		5F19FD4F19594D1100143FCE /* NSString+MKNetworkKitAdditions.h */ = {isa = PBXFileReference; fileEncoding = 4; lastKnownFileType = sourcecode.c.h; path = "NSString+MKNetworkKitAdditions.h"; sourceTree = "<group>"; };
		5F19FD5019594D1100143FCE /* NSString+MKNetworkKitAdditions.m */ = {isa = PBXFileReference; fileEncoding = 4; lastKnownFileType = sourcecode.c.objc; path = "NSString+MKNetworkKitAdditions.m"; sourceTree = "<group>"; };
		5F19FD5119594D1100143FCE /* UIAlertView+MKNetworkKitAdditions.h */ = {isa = PBXFileReference; fileEncoding = 4; lastKnownFileType = sourcecode.c.h; path = "UIAlertView+MKNetworkKitAdditions.h"; sourceTree = "<group>"; };
		5F19FD5219594D1100143FCE /* UIAlertView+MKNetworkKitAdditions.m */ = {isa = PBXFileReference; fileEncoding = 4; lastKnownFileType = sourcecode.c.objc; path = "UIAlertView+MKNetworkKitAdditions.m"; sourceTree = "<group>"; };
		5F19FD5319594D1100143FCE /* UIImageView+MKNetworkKitAdditions.h */ = {isa = PBXFileReference; fileEncoding = 4; lastKnownFileType = sourcecode.c.h; path = "UIImageView+MKNetworkKitAdditions.h"; sourceTree = "<group>"; };
		5F19FD5419594D1100143FCE /* UIImageView+MKNetworkKitAdditions.m */ = {isa = PBXFileReference; fileEncoding = 4; lastKnownFileType = sourcecode.c.objc; path = "UIImageView+MKNetworkKitAdditions.m"; sourceTree = "<group>"; };
		5F19FD5519594D1100143FCE /* MKNetworkEngine.h */ = {isa = PBXFileReference; fileEncoding = 4; lastKnownFileType = sourcecode.c.h; path = MKNetworkEngine.h; sourceTree = "<group>"; };
		5F19FD5619594D1100143FCE /* MKNetworkEngine.m */ = {isa = PBXFileReference; fileEncoding = 4; lastKnownFileType = sourcecode.c.objc; path = MKNetworkEngine.m; sourceTree = "<group>"; };
		5F19FD5719594D1100143FCE /* MKNetworkKit.h */ = {isa = PBXFileReference; fileEncoding = 4; lastKnownFileType = sourcecode.c.h; path = MKNetworkKit.h; sourceTree = "<group>"; };
		5F19FD5819594D1100143FCE /* MKNetworkOperation.h */ = {isa = PBXFileReference; fileEncoding = 4; lastKnownFileType = sourcecode.c.h; path = MKNetworkOperation.h; sourceTree = "<group>"; };
		5F19FD5919594D1100143FCE /* MKNetworkOperation.m */ = {isa = PBXFileReference; fileEncoding = 4; lastKnownFileType = sourcecode.c.objc; path = MKNetworkOperation.m; sourceTree = "<group>"; };
		5F19FD5B19594D1100143FCE /* Reachability.h */ = {isa = PBXFileReference; fileEncoding = 4; lastKnownFileType = sourcecode.c.h; path = Reachability.h; sourceTree = "<group>"; };
		5F19FD5C19594D1100143FCE /* Reachability.m */ = {isa = PBXFileReference; fileEncoding = 4; lastKnownFileType = sourcecode.c.objc; path = Reachability.m; sourceTree = "<group>"; };
		5F19FD6719594D2800143FCE /* CFNetwork.framework */ = {isa = PBXFileReference; lastKnownFileType = wrapper.framework; name = CFNetwork.framework; path = System/Library/Frameworks/CFNetwork.framework; sourceTree = SDKROOT; };
		5F19FD6919594D3500143FCE /* SystemConfiguration.framework */ = {isa = PBXFileReference; lastKnownFileType = wrapper.framework; name = SystemConfiguration.framework; path = System/Library/Frameworks/SystemConfiguration.framework; sourceTree = SDKROOT; };
		5F19FD6B19594D5000143FCE /* Security.framework */ = {isa = PBXFileReference; lastKnownFileType = wrapper.framework; name = Security.framework; path = System/Library/Frameworks/Security.framework; sourceTree = SDKROOT; };
		5F221AB919512CE4009F96DE /* weixinast.app */ = {isa = PBXFileReference; explicitFileType = wrapper.application; includeInIndex = 0; path = weixinast.app; sourceTree = BUILT_PRODUCTS_DIR; };
		5F221ABC19512CE4009F96DE /* Foundation.framework */ = {isa = PBXFileReference; lastKnownFileType = wrapper.framework; name = Foundation.framework; path = System/Library/Frameworks/Foundation.framework; sourceTree = SDKROOT; };
		5F221ABE19512CE4009F96DE /* CoreGraphics.framework */ = {isa = PBXFileReference; lastKnownFileType = wrapper.framework; name = CoreGraphics.framework; path = System/Library/Frameworks/CoreGraphics.framework; sourceTree = SDKROOT; };
		5F221AC019512CE4009F96DE /* UIKit.framework */ = {isa = PBXFileReference; lastKnownFileType = wrapper.framework; name = UIKit.framework; path = System/Library/Frameworks/UIKit.framework; sourceTree = SDKROOT; };
		5F221AC419512CE4009F96DE /* weixinast-Info.plist */ = {isa = PBXFileReference; lastKnownFileType = text.plist.xml; path = "weixinast-Info.plist"; sourceTree = "<group>"; };
		5F221AC619512CE4009F96DE /* en */ = {isa = PBXFileReference; lastKnownFileType = text.plist.strings; name = en; path = en.lproj/InfoPlist.strings; sourceTree = "<group>"; };
		5F221AC819512CE4009F96DE /* main.m */ = {isa = PBXFileReference; lastKnownFileType = sourcecode.c.objc; path = main.m; sourceTree = "<group>"; };
		5F221ACA19512CE4009F96DE /* weixinast-Prefix.pch */ = {isa = PBXFileReference; lastKnownFileType = sourcecode.c.h; path = "weixinast-Prefix.pch"; sourceTree = "<group>"; };
		5F221ACB19512CE4009F96DE /* AppDelegate.h */ = {isa = PBXFileReference; lastKnownFileType = sourcecode.c.h; path = AppDelegate.h; sourceTree = "<group>"; };
		5F221ACC19512CE4009F96DE /* AppDelegate.m */ = {isa = PBXFileReference; lastKnownFileType = sourcecode.c.objc; path = AppDelegate.m; sourceTree = "<group>"; };
		5F221ACF19512CE4009F96DE /* Base */ = {isa = PBXFileReference; lastKnownFileType = file.storyboard; name = Base; path = Base.lproj/Main.storyboard; sourceTree = "<group>"; };
		5F221AD119512CE4009F96DE /* ViewController.h */ = {isa = PBXFileReference; lastKnownFileType = sourcecode.c.h; path = ViewController.h; sourceTree = "<group>"; };
		5F221AD219512CE4009F96DE /* ViewController.m */ = {isa = PBXFileReference; lastKnownFileType = sourcecode.c.objc; path = ViewController.m; sourceTree = "<group>"; };
		5F221AD419512CE4009F96DE /* Images.xcassets */ = {isa = PBXFileReference; lastKnownFileType = folder.assetcatalog; path = Images.xcassets; sourceTree = "<group>"; };
		5F221ADA19512CE5009F96DE /* weixinastTests.xctest */ = {isa = PBXFileReference; explicitFileType = wrapper.cfbundle; includeInIndex = 0; path = weixinastTests.xctest; sourceTree = BUILT_PRODUCTS_DIR; };
		5F221ADB19512CE5009F96DE /* XCTest.framework */ = {isa = PBXFileReference; lastKnownFileType = wrapper.framework; name = XCTest.framework; path = Library/Frameworks/XCTest.framework; sourceTree = DEVELOPER_DIR; };
		5F221AE319512CE5009F96DE /* weixinastTests-Info.plist */ = {isa = PBXFileReference; lastKnownFileType = text.plist.xml; path = "weixinastTests-Info.plist"; sourceTree = "<group>"; };
		5F221AE519512CE5009F96DE /* en */ = {isa = PBXFileReference; lastKnownFileType = text.plist.strings; name = en; path = en.lproj/InfoPlist.strings; sourceTree = "<group>"; };
		5F221AE719512CE5009F96DE /* weixinastTests.m */ = {isa = PBXFileReference; lastKnownFileType = sourcecode.c.objc; path = weixinastTests.m; sourceTree = "<group>"; };
		5FBF26811957F97000A587D6 /* AlbumViewController.h */ = {isa = PBXFileReference; fileEncoding = 4; lastKnownFileType = sourcecode.c.h; name = AlbumViewController.h; path = view/AlbumViewController.h; sourceTree = "<group>"; };
		5FBF26821957F97000A587D6 /* AlbumViewController.m */ = {isa = PBXFileReference; fileEncoding = 4; lastKnownFileType = sourcecode.c.objc; name = AlbumViewController.m; path = view/AlbumViewController.m; sourceTree = "<group>"; };
		5FD0A1101951694100D08304 /* RegController.h */ = {isa = PBXFileReference; fileEncoding = 4; lastKnownFileType = sourcecode.c.h; name = RegController.h; path = view/RegController.h; sourceTree = "<group>"; };
		5FD0A1111951694100D08304 /* RegController.m */ = {isa = PBXFileReference; fileEncoding = 4; lastKnownFileType = sourcecode.c.objc; name = RegController.m; path = view/RegController.m; sourceTree = "<group>"; };
		5FDCEEB01953D07800057CB5 /* HomeViewController.h */ = {isa = PBXFileReference; fileEncoding = 4; lastKnownFileType = sourcecode.c.h; name = HomeViewController.h; path = view/HomeViewController.h; sourceTree = "<group>"; };
		5FDCEEB11953D07800057CB5 /* HomeViewController.m */ = {isa = PBXFileReference; fileEncoding = 4; lastKnownFileType = sourcecode.c.objc; name = HomeViewController.m; path = view/HomeViewController.m; sourceTree = "<group>"; };
		5FDCEEB41953D4BF00057CB5 /* ButtonHomeNav.h */ = {isa = PBXFileReference; fileEncoding = 4; lastKnownFileType = sourcecode.c.h; name = ButtonHomeNav.h; path = icon/ButtonHomeNav.h; sourceTree = "<group>"; };
		5FDCEEB51953D4BF00057CB5 /* ButtonHomeNav.m */ = {isa = PBXFileReference; fileEncoding = 4; lastKnownFileType = sourcecode.c.objc; name = ButtonHomeNav.m; path = icon/ButtonHomeNav.m; sourceTree = "<group>"; };
		5FDCEEB81953E5BB00057CB5 /* Common.h */ = {isa = PBXFileReference; fileEncoding = 4; lastKnownFileType = sourcecode.c.h; name = Common.h; path = common/Common.h; sourceTree = "<group>"; };
		5FDCEEB91953E5BB00057CB5 /* Common.m */ = {isa = PBXFileReference; fileEncoding = 4; lastKnownFileType = sourcecode.c.objc; name = Common.m; path = common/Common.m; sourceTree = "<group>"; };
/* End PBXFileReference section */

/* Begin PBXFrameworksBuildPhase section */
		5F221AB619512CE4009F96DE /* Frameworks */ = {
			isa = PBXFrameworksBuildPhase;
			buildActionMask = 2147483647;
			files = (
				5F19FD6C19594D5000143FCE /* Security.framework in Frameworks */,
				5F19FD6A19594D3500143FCE /* SystemConfiguration.framework in Frameworks */,
				5F19FD6819594D2800143FCE /* CFNetwork.framework in Frameworks */,
				5F221ABF19512CE4009F96DE /* CoreGraphics.framework in Frameworks */,
				5F221AC119512CE4009F96DE /* UIKit.framework in Frameworks */,
				5F221ABD19512CE4009F96DE /* Foundation.framework in Frameworks */,
			);
			runOnlyForDeploymentPostprocessing = 0;
		};
		5F221AD719512CE5009F96DE /* Frameworks */ = {
			isa = PBXFrameworksBuildPhase;
			buildActionMask = 2147483647;
			files = (
				5F221ADC19512CE5009F96DE /* XCTest.framework in Frameworks */,
				5F221ADE19512CE5009F96DE /* UIKit.framework in Frameworks */,
				5F221ADD19512CE5009F96DE /* Foundation.framework in Frameworks */,
			);
			runOnlyForDeploymentPostprocessing = 0;
		};
/* End PBXFrameworksBuildPhase section */

/* Begin PBXGroup section */
		5F19FD25195929DC00143FCE /* lib */ = {
			isa = PBXGroup;
			children = (
				5F19FD26195929EB00143FCE /* plugin */,
			);
			name = lib;
			sourceTree = "<group>";
		};
		5F19FD26195929EB00143FCE /* plugin */ = {
			isa = PBXGroup;
			children = (
				5F19FD4519594D1100143FCE /* MKNetworkKit */,
				5F19FD401959480500143FCE /* Http */,
				5F19FD2719592A9300143FCE /* MJRefresh */,
			);
			name = plugin;
			sourceTree = "<group>";
		};
		5F19FD2719592A9300143FCE /* MJRefresh */ = {
			isa = PBXGroup;
			children = (
				5F19FD2819592A9300143FCE /* MJRefresh.bundle */,
				5F19FD2919592A9300143FCE /* MJRefresh.h */,
				5F19FD2A19592A9300143FCE /* MJRefreshBaseView.h */,
				5F19FD2B19592A9300143FCE /* MJRefreshBaseView.m */,
				5F19FD2C19592A9300143FCE /* MJRefreshConst.h */,
				5F19FD2D19592A9300143FCE /* MJRefreshConst.m */,
				5F19FD2E19592A9300143FCE /* MJRefreshFooterView.h */,
				5F19FD2F19592A9300143FCE /* MJRefreshFooterView.m */,
				5F19FD3019592A9300143FCE /* MJRefreshHeaderView.h */,
				5F19FD3119592A9300143FCE /* MJRefreshHeaderView.m */,
				5F19FD3219592A9300143FCE /* UIScrollView+Extension.h */,
				5F19FD3319592A9300143FCE /* UIScrollView+Extension.m */,
				5F19FD3419592A9300143FCE /* UIScrollView+MJRefresh.h */,
				5F19FD3519592A9300143FCE /* UIScrollView+MJRefresh.m */,
				5F19FD3619592A9300143FCE /* UIView+Extension.h */,
				5F19FD3719592A9300143FCE /* UIView+Extension.m */,
			);
			name = MJRefresh;
			path = lib/MJRefresh;
			sourceTree = "<group>";
		};
		5F19FD401959480500143FCE /* Http */ = {
			isa = PBXGroup;
			children = (
				5F19FD411959482000143FCE /* Http.h */,
				5F19FD421959482000143FCE /* Http.m */,
			);
			name = Http;
			sourceTree = "<group>";
		};
		5F19FD4519594D1100143FCE /* MKNetworkKit */ = {
			isa = PBXGroup;
			children = (
				5F19FD4619594D1100143FCE /* Categories */,
				5F19FD5519594D1100143FCE /* MKNetworkEngine.h */,
				5F19FD5619594D1100143FCE /* MKNetworkEngine.m */,
				5F19FD5719594D1100143FCE /* MKNetworkKit.h */,
				5F19FD5819594D1100143FCE /* MKNetworkOperation.h */,
				5F19FD5919594D1100143FCE /* MKNetworkOperation.m */,
				5F19FD5A19594D1100143FCE /* Reachability */,
			);
			name = MKNetworkKit;
			path = lib/MKNetworkKit;
			sourceTree = "<group>";
		};
		5F19FD4619594D1100143FCE /* Categories */ = {
			isa = PBXGroup;
			children = (
				5F19FD4919594D1100143FCE /* NSData+MKBase64.h */,
				5F19FD4A19594D1100143FCE /* NSData+MKBase64.m */,
				5F19FD4B19594D1100143FCE /* NSDate+RFC1123.h */,
				5F19FD4C19594D1100143FCE /* NSDate+RFC1123.m */,
				5F19FD4D19594D1100143FCE /* NSDictionary+RequestEncoding.h */,
				5F19FD4E19594D1100143FCE /* NSDictionary+RequestEncoding.m */,
				5F19FD4F19594D1100143FCE /* NSString+MKNetworkKitAdditions.h */,
				5F19FD5019594D1100143FCE /* NSString+MKNetworkKitAdditions.m */,
				5F19FD5119594D1100143FCE /* UIAlertView+MKNetworkKitAdditions.h */,
				5F19FD5219594D1100143FCE /* UIAlertView+MKNetworkKitAdditions.m */,
				5F19FD5319594D1100143FCE /* UIImageView+MKNetworkKitAdditions.h */,
				5F19FD5419594D1100143FCE /* UIImageView+MKNetworkKitAdditions.m */,
			);
			path = Categories;
			sourceTree = "<group>";
		};
		5F19FD5A19594D1100143FCE /* Reachability */ = {
			isa = PBXGroup;
			children = (
				5F19FD5B19594D1100143FCE /* Reachability.h */,
				5F19FD5C19594D1100143FCE /* Reachability.m */,
			);
			path = Reachability;
			sourceTree = "<group>";
		};
		5F221AB019512CE4009F96DE = {
			isa = PBXGroup;
			children = (
				5F221AC219512CE4009F96DE /* weixinast */,
				5F221AE119512CE5009F96DE /* weixinastTests */,
				5F221ABB19512CE4009F96DE /* Frameworks */,
				5F221ABA19512CE4009F96DE /* Products */,
			);
			sourceTree = "<group>";
		};
		5F221ABA19512CE4009F96DE /* Products */ = {
			isa = PBXGroup;
			children = (
				5F221AB919512CE4009F96DE /* weixinast.app */,
				5F221ADA19512CE5009F96DE /* weixinastTests.xctest */,
			);
			name = Products;
			sourceTree = "<group>";
		};
		5F221ABB19512CE4009F96DE /* Frameworks */ = {
			isa = PBXGroup;
			children = (
				5F19FD6B19594D5000143FCE /* Security.framework */,
				5F19FD6919594D3500143FCE /* SystemConfiguration.framework */,
				5F19FD6719594D2800143FCE /* CFNetwork.framework */,
				5F221ABC19512CE4009F96DE /* Foundation.framework */,
				5F221ABE19512CE4009F96DE /* CoreGraphics.framework */,
				5F221AC019512CE4009F96DE /* UIKit.framework */,
				5F221ADB19512CE5009F96DE /* XCTest.framework */,
			);
			name = Frameworks;
			sourceTree = "<group>";
		};
		5F221AC219512CE4009F96DE /* weixinast */ = {
			isa = PBXGroup;
			children = (
				5F19FD25195929DC00143FCE /* lib */,
				5FDCEEB71953E4E700057CB5 /* common */,
				5FDCEEB31953D40900057CB5 /* icon */,
				5FD0A10F195168E800D08304 /* tpl */,
				5F221ACB19512CE4009F96DE /* AppDelegate.h */,
				5F221ACC19512CE4009F96DE /* AppDelegate.m */,
				5F221ACE19512CE4009F96DE /* Main.storyboard */,
				5F221AD119512CE4009F96DE /* ViewController.h */,
				5F221AD219512CE4009F96DE /* ViewController.m */,
				5F221AD419512CE4009F96DE /* Images.xcassets */,
				5F221AC319512CE4009F96DE /* Supporting Files */,
			);
			path = weixinast;
			sourceTree = "<group>";
		};
		5F221AC319512CE4009F96DE /* Supporting Files */ = {
			isa = PBXGroup;
			children = (
				5F221AC419512CE4009F96DE /* weixinast-Info.plist */,
				5F221AC519512CE4009F96DE /* InfoPlist.strings */,
				5F221AC819512CE4009F96DE /* main.m */,
				5F221ACA19512CE4009F96DE /* weixinast-Prefix.pch */,
			);
			name = "Supporting Files";
			sourceTree = "<group>";
		};
		5F221AE119512CE5009F96DE /* weixinastTests */ = {
			isa = PBXGroup;
			children = (
				5F221AE719512CE5009F96DE /* weixinastTests.m */,
				5F221AE219512CE5009F96DE /* Supporting Files */,
			);
			path = weixinastTests;
			sourceTree = "<group>";
		};
		5F221AE219512CE5009F96DE /* Supporting Files */ = {
			isa = PBXGroup;
			children = (
				5F221AE319512CE5009F96DE /* weixinastTests-Info.plist */,
				5F221AE419512CE5009F96DE /* InfoPlist.strings */,
			);
			name = "Supporting Files";
			sourceTree = "<group>";
		};
		5FD0A10F195168E800D08304 /* tpl */ = {
			isa = PBXGroup;
			children = (
				5FD0A1101951694100D08304 /* RegController.h */,
				5FD0A1111951694100D08304 /* RegController.m */,
				5FDCEEB01953D07800057CB5 /* HomeViewController.h */,
				5FDCEEB11953D07800057CB5 /* HomeViewController.m */,
				5FBF26811957F97000A587D6 /* AlbumViewController.h */,
				5FBF26821957F97000A587D6 /* AlbumViewController.m */,
			);
			name = tpl;
			sourceTree = "<group>";
		};
		5FDCEEB31953D40900057CB5 /* icon */ = {
			isa = PBXGroup;
			children = (
				5FDCEEB41953D4BF00057CB5 /* ButtonHomeNav.h */,
				5FDCEEB51953D4BF00057CB5 /* ButtonHomeNav.m */,
			);
			name = icon;
			sourceTree = "<group>";
		};
		5FDCEEB71953E4E700057CB5 /* common */ = {
			isa = PBXGroup;
			children = (
				5FDCEEB81953E5BB00057CB5 /* Common.h */,
				5FDCEEB91953E5BB00057CB5 /* Common.m */,
			);
			name = common;
			sourceTree = "<group>";
		};
/* End PBXGroup section */

/* Begin PBXNativeTarget section */
		5F221AB819512CE4009F96DE /* weixinast */ = {
			isa = PBXNativeTarget;
			buildConfigurationList = 5F221AEB19512CE5009F96DE /* Build configuration list for PBXNativeTarget "weixinast" */;
			buildPhases = (
				5F221AB519512CE4009F96DE /* Sources */,
				5F221AB619512CE4009F96DE /* Frameworks */,
				5F221AB719512CE4009F96DE /* Resources */,
			);
			buildRules = (
			);
			dependencies = (
			);
			name = weixinast;
			productName = weixinast;
			productReference = 5F221AB919512CE4009F96DE /* weixinast.app */;
			productType = "com.apple.product-type.application";
		};
		5F221AD919512CE5009F96DE /* weixinastTests */ = {
			isa = PBXNativeTarget;
			buildConfigurationList = 5F221AEE19512CE5009F96DE /* Build configuration list for PBXNativeTarget "weixinastTests" */;
			buildPhases = (
				5F221AD619512CE5009F96DE /* Sources */,
				5F221AD719512CE5009F96DE /* Frameworks */,
				5F221AD819512CE5009F96DE /* Resources */,
			);
			buildRules = (
			);
			dependencies = (
				5F221AE019512CE5009F96DE /* PBXTargetDependency */,
			);
			name = weixinastTests;
			productName = weixinastTests;
			productReference = 5F221ADA19512CE5009F96DE /* weixinastTests.xctest */;
			productType = "com.apple.product-type.bundle.unit-test";
		};
/* End PBXNativeTarget section */

/* Begin PBXProject section */
		5F221AB119512CE4009F96DE /* Project object */ = {
			isa = PBXProject;
			attributes = {
				LastUpgradeCheck = 0510;
				ORGANIZATIONNAME = Jackie;
				TargetAttributes = {
					5F221AD919512CE5009F96DE = {
						TestTargetID = 5F221AB819512CE4009F96DE;
					};
				};
			};
			buildConfigurationList = 5F221AB419512CE4009F96DE /* Build configuration list for PBXProject "weixinast" */;
			compatibilityVersion = "Xcode 3.2";
			developmentRegion = English;
			hasScannedForEncodings = 0;
			knownRegions = (
				en,
				Base,
			);
			mainGroup = 5F221AB019512CE4009F96DE;
			productRefGroup = 5F221ABA19512CE4009F96DE /* Products */;
			projectDirPath = "";
			projectRoot = "";
			targets = (
				5F221AB819512CE4009F96DE /* weixinast */,
				5F221AD919512CE5009F96DE /* weixinastTests */,
			);
		};
/* End PBXProject section */

/* Begin PBXResourcesBuildPhase section */
		5F221AB719512CE4009F96DE /* Resources */ = {
			isa = PBXResourcesBuildPhase;
			buildActionMask = 2147483647;
			files = (
				5F221AD519512CE4009F96DE /* Images.xcassets in Resources */,
				5F221AC719512CE4009F96DE /* InfoPlist.strings in Resources */,
				5F19FD3819592A9300143FCE /* MJRefresh.bundle in Resources */,
				5F221AD019512CE4009F96DE /* Main.storyboard in Resources */,
			);
			runOnlyForDeploymentPostprocessing = 0;
		};
		5F221AD819512CE5009F96DE /* Resources */ = {
			isa = PBXResourcesBuildPhase;
			buildActionMask = 2147483647;
			files = (
				5F221AE619512CE5009F96DE /* InfoPlist.strings in Resources */,
			);
			runOnlyForDeploymentPostprocessing = 0;
		};
/* End PBXResourcesBuildPhase section */

/* Begin PBXSourcesBuildPhase section */
		5F221AB519512CE4009F96DE /* Sources */ = {
			isa = PBXSourcesBuildPhase;
			buildActionMask = 2147483647;
			files = (
				5F19FD6619594D1100143FCE /* Reachability.m in Sources */,
				5F19FD3F19592A9300143FCE /* UIView+Extension.m in Sources */,
				5F19FD431959482000143FCE /* Http.m in Sources */,
				5F19FD3B19592A9300143FCE /* MJRefreshFooterView.m in Sources */,
				5FBF26831957F97000A587D6 /* AlbumViewController.m in Sources */,
				5F19FD6419594D1100143FCE /* MKNetworkEngine.m in Sources */,
				5F19FD3D19592A9300143FCE /* UIScrollView+Extension.m in Sources */,
				5F19FD5F19594D1100143FCE /* NSDate+RFC1123.m in Sources */,
				5FD0A1121951694100D08304 /* RegController.m in Sources */,
				5F19FD3E19592A9300143FCE /* UIScrollView+MJRefresh.m in Sources */,
				5F221AD319512CE4009F96DE /* ViewController.m in Sources */,
				5F19FD6119594D1100143FCE /* NSString+MKNetworkKitAdditions.m in Sources */,
				5FDCEEB61953D4BF00057CB5 /* ButtonHomeNav.m in Sources */,
				5F19FD3A19592A9300143FCE /* MJRefreshConst.m in Sources */,
				5F19FD3C19592A9300143FCE /* MJRefreshHeaderView.m in Sources */,
				5F19FD6219594D1100143FCE /* UIAlertView+MKNetworkKitAdditions.m in Sources */,
				5F19FD6319594D1100143FCE /* UIImageView+MKNetworkKitAdditions.m in Sources */,
				5F19FD5E19594D1100143FCE /* NSData+MKBase64.m in Sources */,
				5F221ACD19512CE4009F96DE /* AppDelegate.m in Sources */,
				5FDCEEB21953D07800057CB5 /* HomeViewController.m in Sources */,
				5F19FD6019594D1100143FCE /* NSDictionary+RequestEncoding.m in Sources */,
				5F19FD6519594D1100143FCE /* MKNetworkOperation.m in Sources */,
				5F19FD3919592A9300143FCE /* MJRefreshBaseView.m in Sources */,
				5F221AC919512CE4009F96DE /* main.m in Sources */,
				5FDCEEBA1953E5BB00057CB5 /* Common.m in Sources */,
			);
			runOnlyForDeploymentPostprocessing = 0;
		};
		5F221AD619512CE5009F96DE /* Sources */ = {
			isa = PBXSourcesBuildPhase;
			buildActionMask = 2147483647;
			files = (
				5F221AE819512CE5009F96DE /* weixinastTests.m in Sources */,
			);
			runOnlyForDeploymentPostprocessing = 0;
		};
/* End PBXSourcesBuildPhase section */

/* Begin PBXTargetDependency section */
		5F221AE019512CE5009F96DE /* PBXTargetDependency */ = {
			isa = PBXTargetDependency;
			target = 5F221AB819512CE4009F96DE /* weixinast */;
			targetProxy = 5F221ADF19512CE5009F96DE /* PBXContainerItemProxy */;
		};
/* End PBXTargetDependency section */

/* Begin PBXVariantGroup section */
		5F221AC519512CE4009F96DE /* InfoPlist.strings */ = {
			isa = PBXVariantGroup;
			children = (
				5F221AC619512CE4009F96DE /* en */,
			);
			name = InfoPlist.strings;
			sourceTree = "<group>";
		};
		5F221ACE19512CE4009F96DE /* Main.storyboard */ = {
			isa = PBXVariantGroup;
			children = (
				5F221ACF19512CE4009F96DE /* Base */,
			);
			name = Main.storyboard;
			sourceTree = "<group>";
		};
		5F221AE419512CE5009F96DE /* InfoPlist.strings */ = {
			isa = PBXVariantGroup;
			children = (
				5F221AE519512CE5009F96DE /* en */,
			);
			name = InfoPlist.strings;
			sourceTree = "<group>";
		};
/* End PBXVariantGroup section */

/* Begin XCBuildConfiguration section */
		5F221AE919512CE5009F96DE /* Debug */ = {
			isa = XCBuildConfiguration;
			buildSettings = {
				ALWAYS_SEARCH_USER_PATHS = NO;
				CLANG_CXX_LANGUAGE_STANDARD = "gnu++0x";
				CLANG_CXX_LIBRARY = "libc++";
				CLANG_ENABLE_MODULES = YES;
				CLANG_ENABLE_OBJC_ARC = YES;
				CLANG_WARN_BOOL_CONVERSION = YES;
				CLANG_WARN_CONSTANT_CONVERSION = YES;
				CLANG_WARN_DIRECT_OBJC_ISA_USAGE = YES_ERROR;
				CLANG_WARN_EMPTY_BODY = YES;
				CLANG_WARN_ENUM_CONVERSION = YES;
				CLANG_WARN_INT_CONVERSION = YES;
				CLANG_WARN_OBJC_ROOT_CLASS = YES_ERROR;
				CLANG_WARN__DUPLICATE_METHOD_MATCH = YES;
				"CODE_SIGN_IDENTITY[sdk=iphoneos*]" = "iPhone Developer";
				COPY_PHASE_STRIP = NO;
				GCC_C_LANGUAGE_STANDARD = gnu99;
				GCC_DYNAMIC_NO_PIC = NO;
				GCC_OPTIMIZATION_LEVEL = 0;
				GCC_PREPROCESSOR_DEFINITIONS = (
					"DEBUG=1",
					"$(inherited)",
				);
				GCC_SYMBOLS_PRIVATE_EXTERN = NO;
				GCC_WARN_64_TO_32_BIT_CONVERSION = YES;
				GCC_WARN_ABOUT_RETURN_TYPE = YES_ERROR;
				GCC_WARN_UNDECLARED_SELECTOR = YES;
				GCC_WARN_UNINITIALIZED_AUTOS = YES_AGGRESSIVE;
				GCC_WARN_UNUSED_FUNCTION = YES;
				GCC_WARN_UNUSED_VARIABLE = YES;
				IPHONEOS_DEPLOYMENT_TARGET = 7.1;
				ONLY_ACTIVE_ARCH = YES;
				SDKROOT = iphoneos;
			};
			name = Debug;
		};
		5F221AEA19512CE5009F96DE /* Release */ = {
			isa = XCBuildConfiguration;
			buildSettings = {
				ALWAYS_SEARCH_USER_PATHS = NO;
				CLANG_CXX_LANGUAGE_STANDARD = "gnu++0x";
				CLANG_CXX_LIBRARY = "libc++";
				CLANG_ENABLE_MODULES = YES;
				CLANG_ENABLE_OBJC_ARC = YES;
				CLANG_WARN_BOOL_CONVERSION = YES;
				CLANG_WARN_CONSTANT_CONVERSION = YES;
				CLANG_WARN_DIRECT_OBJC_ISA_USAGE = YES_ERROR;
				CLANG_WARN_EMPTY_BODY = YES;
				CLANG_WARN_ENUM_CONVERSION = YES;
				CLANG_WARN_INT_CONVERSION = YES;
				CLANG_WARN_OBJC_ROOT_CLASS = YES_ERROR;
				CLANG_WARN__DUPLICATE_METHOD_MATCH = YES;
				"CODE_SIGN_IDENTITY[sdk=iphoneos*]" = "iPhone Developer";
				COPY_PHASE_STRIP = YES;
				ENABLE_NS_ASSERTIONS = NO;
				GCC_C_LANGUAGE_STANDARD = gnu99;
				GCC_WARN_64_TO_32_BIT_CONVERSION = YES;
				GCC_WARN_ABOUT_RETURN_TYPE = YES_ERROR;
				GCC_WARN_UNDECLARED_SELECTOR = YES;
				GCC_WARN_UNINITIALIZED_AUTOS = YES_AGGRESSIVE;
				GCC_WARN_UNUSED_FUNCTION = YES;
				GCC_WARN_UNUSED_VARIABLE = YES;
				IPHONEOS_DEPLOYMENT_TARGET = 7.1;
				SDKROOT = iphoneos;
				VALIDATE_PRODUCT = YES;
			};
			name = Release;
		};
		5F221AEC19512CE5009F96DE /* Debug */ = {
			isa = XCBuildConfiguration;
			buildSettings = {
				ASSETCATALOG_COMPILER_APPICON_NAME = AppIcon;
				ASSETCATALOG_COMPILER_LAUNCHIMAGE_NAME = LaunchImage;
				GCC_PRECOMPILE_PREFIX_HEADER = YES;
				GCC_PREFIX_HEADER = "weixinast/weixinast-Prefix.pch";
				INFOPLIST_FILE = "weixinast/weixinast-Info.plist";
				PRODUCT_NAME = "$(TARGET_NAME)";
				WRAPPER_EXTENSION = app;
			};
			name = Debug;
		};
		5F221AED19512CE5009F96DE /* Release */ = {
			isa = XCBuildConfiguration;
			buildSettings = {
				ASSETCATALOG_COMPILER_APPICON_NAME = AppIcon;
				ASSETCATALOG_COMPILER_LAUNCHIMAGE_NAME = LaunchImage;
				GCC_PRECOMPILE_PREFIX_HEADER = YES;
				GCC_PREFIX_HEADER = "weixinast/weixinast-Prefix.pch";
				INFOPLIST_FILE = "weixinast/weixinast-Info.plist";
				PRODUCT_NAME = "$(TARGET_NAME)";
				WRAPPER_EXTENSION = app;
			};
			name = Release;
		};
		5F221AEF19512CE5009F96DE /* Debug */ = {
			isa = XCBuildConfiguration;
			buildSettings = {
				BUNDLE_LOADER = "$(BUILT_PRODUCTS_DIR)/weixinast.app/weixinast";
				FRAMEWORK_SEARCH_PATHS = (
					"$(SDKROOT)/Developer/Library/Frameworks",
					"$(inherited)",
					"$(DEVELOPER_FRAMEWORKS_DIR)",
				);
				GCC_PRECOMPILE_PREFIX_HEADER = YES;
				GCC_PREFIX_HEADER = "weixinast/weixinast-Prefix.pch";
				GCC_PREPROCESSOR_DEFINITIONS = (
					"DEBUG=1",
					"$(inherited)",
				);
				INFOPLIST_FILE = "weixinastTests/weixinastTests-Info.plist";
				PRODUCT_NAME = "$(TARGET_NAME)";
				TEST_HOST = "$(BUNDLE_LOADER)";
				WRAPPER_EXTENSION = xctest;
			};
			name = Debug;
		};
		5F221AF019512CE5009F96DE /* Release */ = {
			isa = XCBuildConfiguration;
			buildSettings = {
				BUNDLE_LOADER = "$(BUILT_PRODUCTS_DIR)/weixinast.app/weixinast";
				FRAMEWORK_SEARCH_PATHS = (
					"$(SDKROOT)/Developer/Library/Frameworks",
					"$(inherited)",
					"$(DEVELOPER_FRAMEWORKS_DIR)",
				);
				GCC_PRECOMPILE_PREFIX_HEADER = YES;
				GCC_PREFIX_HEADER = "weixinast/weixinast-Prefix.pch";
				INFOPLIST_FILE = "weixinastTests/weixinastTests-Info.plist";
				PRODUCT_NAME = "$(TARGET_NAME)";
				TEST_HOST = "$(BUNDLE_LOADER)";
				WRAPPER_EXTENSION = xctest;
			};
			name = Release;
		};
/* End XCBuildConfiguration section */

/* Begin XCConfigurationList section */
		5F221AB419512CE4009F96DE /* Build configuration list for PBXProject "weixinast" */ = {
			isa = XCConfigurationList;
			buildConfigurations = (
				5F221AE919512CE5009F96DE /* Debug */,
				5F221AEA19512CE5009F96DE /* Release */,
			);
			defaultConfigurationIsVisible = 0;
			defaultConfigurationName = Release;
		};
		5F221AEB19512CE5009F96DE /* Build configuration list for PBXNativeTarget "weixinast" */ = {
			isa = XCConfigurationList;
			buildConfigurations = (
				5F221AEC19512CE5009F96DE /* Debug */,
				5F221AED19512CE5009F96DE /* Release */,
			);
			defaultConfigurationIsVisible = 0;
			defaultConfigurationName = Release;
		};
		5F221AEE19512CE5009F96DE /* Build configuration list for PBXNativeTarget "weixinastTests" */ = {
			isa = XCConfigurationList;
			buildConfigurations = (
				5F221AEF19512CE5009F96DE /* Debug */,
				5F221AF019512CE5009F96DE /* Release */,
			);
			defaultConfigurationIsVisible = 0;
			defaultConfigurationName = Release;
		};
/* End XCConfigurationList section */
	};
	rootObject = 5F221AB119512CE4009F96DE /* Project object */;
}
